
Microsoft Visual Studio Solution File, Format Version 12.00
# Visual Studio Version 16
VisualStudioVersion = 16.0.30413.136
MinimumVisualStudioVersion = 10.0.40219.1
Project("{FAE04EC0-301F-11D3-BF4B-00C04F79EFBC}") = "ArrayProblem2", "ArrayProblem2.csproj", "{5F14028D-7FA1-4E16-A10A-8F92E68902FA}"
EndProject
Global
	GlobalSection(SolutionConfigurationPlatforms) = preSolution
		Debug|Any CPU = Debug|Any CPU
		Release|Any CPU = Release|Any CPU
	EndGlobalSection
	GlobalSection(ProjectConfigurationPlatforms) = postSolution
		{5F14028D-7FA1-4E16-A10A-8F92E68902FA}.Debug|Any CPU.ActiveCfg = Debug|Any CPU
		{5F14028D-7FA1-4E16-A10A-8F92E68902FA}.Debug|Any CPU.Build.0 = Debug|Any CPU
		{5F14028D-7FA1-4E16-A10A-8F92E68902FA}.Release|Any CPU.ActiveCfg = Release|Any CPU
		{5F14028D-7FA1-4E16-A10A-8F92E68902FA}.Release|Any CPU.Build.0 = Release|Any CPU
	EndGlobalSection
	GlobalSection(SolutionProperties) = preSolution
		HideSolutionNode = FALSE
	EndGlobalSection
	GlobalSection(ExtensibilityGlobals) = postSolution
		SolutionGuid = {99CAAAB0-A0BB-46F6-BC2B-697E1BCD6A68}
	EndGlobalSection
EndGlobal
