
Microsoft Visual Studio Solution File, Format Version 12.00
# Visual Studio Version 16
VisualStudioVersion = 16.0.30611.23
MinimumVisualStudioVersion = 10.0.40219.1
Project("{FAE04EC0-301F-11D3-BF4B-00C04F79EFBC}") = "ArrayDemo2", "ArrayDemo2.csproj", "{6B5ACB01-CB6B-4C4A-AB1C-1947DAA8D7D8}"
EndProject
Global
	GlobalSection(SolutionConfigurationPlatforms) = preSolution
		Debug|Any CPU = Debug|Any CPU
		Release|Any CPU = Release|Any CPU
	EndGlobalSection
	GlobalSection(ProjectConfigurationPlatforms) = postSolution
		{6B5ACB01-CB6B-4C4A-AB1C-1947DAA8D7D8}.Debug|Any CPU.ActiveCfg = Debug|Any CPU
		{6B5ACB01-CB6B-4C4A-AB1C-1947DAA8D7D8}.Debug|Any CPU.Build.0 = Debug|Any CPU
		{6B5ACB01-CB6B-4C4A-AB1C-1947DAA8D7D8}.Release|Any CPU.ActiveCfg = Release|Any CPU
		{6B5ACB01-CB6B-4C4A-AB1C-1947DAA8D7D8}.Release|Any CPU.Build.0 = Release|Any CPU
	EndGlobalSection
	GlobalSection(SolutionProperties) = preSolution
		HideSolutionNode = FALSE
	EndGlobalSection
	GlobalSection(ExtensibilityGlobals) = postSolution
		SolutionGuid = {49713D3F-F07F-40DB-B8E3-C32BAAAA16D5}
	EndGlobalSection
EndGlobal
