
Microsoft Visual Studio Solution File, Format Version 12.00
# Visual Studio Version 16
VisualStudioVersion = 16.0.30413.136
MinimumVisualStudioVersion = 10.0.40219.1
Project("{FAE04EC0-301F-11D3-BF4B-00C04F79EFBC}") = "CPSC1012-CorePortfolio3-AdamPumphrey", "CPSC1012-CorePortfolio3-AdamPumphrey.csproj", "{8E6C27B7-C5B0-40EF-A797-CA2739370812}"
EndProject
Global
	GlobalSection(SolutionConfigurationPlatforms) = preSolution
		Debug|Any CPU = Debug|Any CPU
		Release|Any CPU = Release|Any CPU
	EndGlobalSection
	GlobalSection(ProjectConfigurationPlatforms) = postSolution
		{8E6C27B7-C5B0-40EF-A797-CA2739370812}.Debug|Any CPU.ActiveCfg = Debug|Any CPU
		{8E6C27B7-C5B0-40EF-A797-CA2739370812}.Debug|Any CPU.Build.0 = Debug|Any CPU
		{8E6C27B7-C5B0-40EF-A797-CA2739370812}.Release|Any CPU.ActiveCfg = Release|Any CPU
		{8E6C27B7-C5B0-40EF-A797-CA2739370812}.Release|Any CPU.Build.0 = Release|Any CPU
	EndGlobalSection
	GlobalSection(SolutionProperties) = preSolution
		HideSolutionNode = FALSE
	EndGlobalSection
	GlobalSection(ExtensibilityGlobals) = postSolution
		SolutionGuid = {7BE0BD25-265C-4162-9467-68EA4BF1B045}
	EndGlobalSection
EndGlobal
