
Microsoft Visual Studio Solution File, Format Version 12.00
# Visual Studio Version 16
VisualStudioVersion = 16.0.30413.136
MinimumVisualStudioVersion = 10.0.40219.1
Project("{FAE04EC0-301F-11D3-BF4B-00C04F79EFBC}") = "DecisionMakingProblems1", "DecisionMakingProblems1.csproj", "{8C6A7C2B-4289-4732-9AF7-1382618A847C}"
EndProject
Global
	GlobalSection(SolutionConfigurationPlatforms) = preSolution
		Debug|Any CPU = Debug|Any CPU
		Release|Any CPU = Release|Any CPU
	EndGlobalSection
	GlobalSection(ProjectConfigurationPlatforms) = postSolution
		{8C6A7C2B-4289-4732-9AF7-1382618A847C}.Debug|Any CPU.ActiveCfg = Debug|Any CPU
		{8C6A7C2B-4289-4732-9AF7-1382618A847C}.Debug|Any CPU.Build.0 = Debug|Any CPU
		{8C6A7C2B-4289-4732-9AF7-1382618A847C}.Release|Any CPU.ActiveCfg = Release|Any CPU
		{8C6A7C2B-4289-4732-9AF7-1382618A847C}.Release|Any CPU.Build.0 = Release|Any CPU
	EndGlobalSection
	GlobalSection(SolutionProperties) = preSolution
		HideSolutionNode = FALSE
	EndGlobalSection
	GlobalSection(ExtensibilityGlobals) = postSolution
		SolutionGuid = {CA5BD8DF-7868-49F7-931E-95459AA127ED}
	EndGlobalSection
EndGlobal
