
Microsoft Visual Studio Solution File, Format Version 12.00
# Visual Studio Version 16
VisualStudioVersion = 16.0.30413.136
MinimumVisualStudioVersion = 10.0.40219.1
Project("{FAE04EC0-301F-11D3-BF4B-00C04F79EFBC}") = "CPSC1012-Exercise04-AdamPumphrey", "CPSC1012-Exercise04-AdamPumphrey.csproj", "{391BE8BD-5E0A-4F81-8731-EED91E2B3A4E}"
EndProject
Global
	GlobalSection(SolutionConfigurationPlatforms) = preSolution
		Debug|Any CPU = Debug|Any CPU
		Release|Any CPU = Release|Any CPU
	EndGlobalSection
	GlobalSection(ProjectConfigurationPlatforms) = postSolution
		{391BE8BD-5E0A-4F81-8731-EED91E2B3A4E}.Debug|Any CPU.ActiveCfg = Debug|Any CPU
		{391BE8BD-5E0A-4F81-8731-EED91E2B3A4E}.Debug|Any CPU.Build.0 = Debug|Any CPU
		{391BE8BD-5E0A-4F81-8731-EED91E2B3A4E}.Release|Any CPU.ActiveCfg = Release|Any CPU
		{391BE8BD-5E0A-4F81-8731-EED91E2B3A4E}.Release|Any CPU.Build.0 = Release|Any CPU
	EndGlobalSection
	GlobalSection(SolutionProperties) = preSolution
		HideSolutionNode = FALSE
	EndGlobalSection
	GlobalSection(ExtensibilityGlobals) = postSolution
		SolutionGuid = {F6331B21-1281-4144-9EA1-FA66F835BED9}
	EndGlobalSection
EndGlobal
