
Microsoft Visual Studio Solution File, Format Version 12.00
# Visual Studio Version 16
VisualStudioVersion = 16.0.30711.63
MinimumVisualStudioVersion = 10.0.40219.1
Project("{FAE04EC0-301F-11D3-BF4B-00C04F79EFBC}") = "CarClassDemo", "CarClassDemo.csproj", "{E7678546-111C-4C24-964E-181EDFACB73E}"
EndProject
Global
	GlobalSection(SolutionConfigurationPlatforms) = preSolution
		Debug|Any CPU = Debug|Any CPU
		Release|Any CPU = Release|Any CPU
	EndGlobalSection
	GlobalSection(ProjectConfigurationPlatforms) = postSolution
		{E7678546-111C-4C24-964E-181EDFACB73E}.Debug|Any CPU.ActiveCfg = Debug|Any CPU
		{E7678546-111C-4C24-964E-181EDFACB73E}.Debug|Any CPU.Build.0 = Debug|Any CPU
		{E7678546-111C-4C24-964E-181EDFACB73E}.Release|Any CPU.ActiveCfg = Release|Any CPU
		{E7678546-111C-4C24-964E-181EDFACB73E}.Release|Any CPU.Build.0 = Release|Any CPU
	EndGlobalSection
	GlobalSection(SolutionProperties) = preSolution
		HideSolutionNode = FALSE
	EndGlobalSection
	GlobalSection(ExtensibilityGlobals) = postSolution
		SolutionGuid = {D4C144C5-774F-41D0-958D-274B01FA8A01}
	EndGlobalSection
EndGlobal
