
Microsoft Visual Studio Solution File, Format Version 12.00
# Visual Studio Version 16
VisualStudioVersion = 16.0.30413.136
MinimumVisualStudioVersion = 10.0.40219.1
Project("{FAE04EC0-301F-11D3-BF4B-00C04F79EFBC}") = "HighestSmallestNumber", "HighestSmallestNumber.csproj", "{069A2EDA-B234-4C76-8A8B-733F9EC0F15D}"
EndProject
Global
	GlobalSection(SolutionConfigurationPlatforms) = preSolution
		Debug|Any CPU = Debug|Any CPU
		Release|Any CPU = Release|Any CPU
	EndGlobalSection
	GlobalSection(ProjectConfigurationPlatforms) = postSolution
		{069A2EDA-B234-4C76-8A8B-733F9EC0F15D}.Debug|Any CPU.ActiveCfg = Debug|Any CPU
		{069A2EDA-B234-4C76-8A8B-733F9EC0F15D}.Debug|Any CPU.Build.0 = Debug|Any CPU
		{069A2EDA-B234-4C76-8A8B-733F9EC0F15D}.Release|Any CPU.ActiveCfg = Release|Any CPU
		{069A2EDA-B234-4C76-8A8B-733F9EC0F15D}.Release|Any CPU.Build.0 = Release|Any CPU
	EndGlobalSection
	GlobalSection(SolutionProperties) = preSolution
		HideSolutionNode = FALSE
	EndGlobalSection
	GlobalSection(ExtensibilityGlobals) = postSolution
		SolutionGuid = {7A7BDCA0-535C-4664-92FF-68E7C7F06F80}
	EndGlobalSection
EndGlobal
